
Microsoft Visual Studio Solution File, Format Version 12.00
# Visual Studio Version 17
VisualStudioVersion = 17.6.33815.320
MinimumVisualStudioVersion = 10.0.40219.1
Project("{FAE04EC0-301F-11D3-BF4B-00C04F79EFBC}") = "Baitap1", "Baitap1\Baitap1.csproj", "{B99232BD-8F58-449A-8F23-846886388080}"
EndProject
Global
	GlobalSection(SolutionConfigurationPlatforms) = preSolution
		Debug|Any CPU = Debug|Any CPU
		Release|Any CPU = Release|Any CPU
	EndGlobalSection
	GlobalSection(ProjectConfigurationPlatforms) = postSolution
		{B99232BD-8F58-449A-8F23-846886388080}.Debug|Any CPU.ActiveCfg = Debug|Any CPU
		{B99232BD-8F58-449A-8F23-846886388080}.Debug|Any CPU.Build.0 = Debug|Any CPU
		{B99232BD-8F58-449A-8F23-846886388080}.Release|Any CPU.ActiveCfg = Release|Any CPU
		{B99232BD-8F58-449A-8F23-846886388080}.Release|Any CPU.Build.0 = Release|Any CPU
	EndGlobalSection
	GlobalSection(SolutionProperties) = preSolution
		HideSolutionNode = FALSE
	EndGlobalSection
	GlobalSection(ExtensibilityGlobals) = postSolution
		SolutionGuid = {5046B933-68F9-46AB-B04B-98D0BF343176}
	EndGlobalSection
EndGlobal
